
Microsoft Visual Studio Solution File, Format Version 12.00
# Visual Studio 15
VisualStudioVersion = 15.0.28010.2003
MinimumVisualStudioVersion = 10.0.40219.1
Project("{FAE04EC0-301F-11D3-BF4B-00C04F79EFBC}") = "XiaoYaFuture", "XiaoYaFuture\XiaoYaFuture.csproj", "{51683AC7-1800-442D-98C7-2EB48548E255}"
EndProject
Project("{FAE04EC0-301F-11D3-BF4B-00C04F79EFBC}") = "XiaoYaFuture.Manager", "XiaoYaFuture.Manager\XiaoYaFuture.Manager.csproj", "{83572FF9-D75C-4D8F-8788-86CF56149790}"
EndProject
Project("{FAE04EC0-301F-11D3-BF4B-00C04F79EFBC}") = "XiaoYaFuture.Manager.Interface", "XiaoYaFuture.Manager.Interface\XiaoYaFuture.Manager.Interface.csproj", "{D4E4A42B-B498-46DE-AF1B-AEEB3C28AC3D}"
EndProject
Project("{FAE04EC0-301F-11D3-BF4B-00C04F79EFBC}") = "XiaoYaFuture.DataAcessLayer", "XiaoYaFuture.DataAcessLayer\XiaoYaFuture.DataAcessLayer.csproj", "{EE19EC6D-BA16-4D12-A22A-21F01CB366AE}"
EndProject
Project("{FAE04EC0-301F-11D3-BF4B-00C04F79EFBC}") = "XiaoYaFuture.DataAcessLayer.Interface", "XiaoYaFuture.DataAcessLayer.Interface\XiaoYaFuture.DataAcessLayer.Interface.csproj", "{032E4978-EEAD-426E-924D-37EA0FB0738C}"
EndProject
Project("{2150E333-8FDC-42A3-9474-1A3956D46DE8}") = "XiaoYaFuture.02.DAL", "XiaoYaFuture.02.DAL", "{BA66FB91-FBA9-45C7-AC68-4601C89DACEA}"
EndProject
Project("{2150E333-8FDC-42A3-9474-1A3956D46DE8}") = "XiaoYaFuture.01.BL", "XiaoYaFuture.01.BL", "{5BB2E9A8-36A5-4338-802E-5AE497DEADBA}"
EndProject
Project("{2150E333-8FDC-42A3-9474-1A3956D46DE8}") = "XiaoYaFuture.03.Data", "XiaoYaFuture.03.Data", "{03ECFDFF-66A5-4191-9CF4-4AD43BB249AC}"
EndProject
Project("{2150E333-8FDC-42A3-9474-1A3956D46DE8}") = "XiaoYaFuture.04.Common", "XiaoYaFuture.04.Common", "{C3E890DF-00C2-46C9-93CD-A2BFB940F617}"
	ProjectSection(SolutionItems) = preProject
		XiaoYaFuture.Common.Readme.txt = XiaoYaFuture.Common.Readme.txt
	EndProjectSection
EndProject
Project("{FAE04EC0-301F-11D3-BF4B-00C04F79EFBC}") = "XiaoYaFuture.Data.Entity", "XiaoYaFuture.Data.Entity\XiaoYaFuture.Data.Entity.csproj", "{3554BE27-F532-4734-91D9-6632D66AAE50}"
EndProject
Project("{FAE04EC0-301F-11D3-BF4B-00C04F79EFBC}") = "XiaoYaFuture.Data.Dto", "XiaoYaFuture.Data.Dto\XiaoYaFuture.Data.Dto.csproj", "{C8678B55-0984-4AED-B68C-37A93BEEC2BD}"
EndProject
Project("{FAE04EC0-301F-11D3-BF4B-00C04F79EFBC}") = "XiaoYaFuture.Data.Model", "XiaoYaFuture.Data.Model\XiaoYaFuture.Data.Model.csproj", "{93D74557-5B75-41DF-91E9-9C7CB227A532}"
EndProject
Project("{2150E333-8FDC-42A3-9474-1A3956D46DE8}") = "XiaoYaFuture.00.Presentation", "XiaoYaFuture.00.Presentation", "{BF9A6663-C389-4244-8140-C9500B3F09C9}"
EndProject
Project("{FAE04EC0-301F-11D3-BF4B-00C04F79EFBC}") = "XiaoYaFuture.Common", "XiaoYaFuture.Common\XiaoYaFuture.Common.csproj", "{A31625A7-D1DB-4736-A74E-65EC8E7D487E}"
EndProject
Project("{FAE04EC0-301F-11D3-BF4B-00C04F79EFBC}") = "XiaoYaFuture.QueryParameter", "XiaoYaFuture.QueryParameter\XiaoYaFuture.QueryParameter.csproj", "{CE5FC3E5-5F2C-462E-87DE-362578D84E63}"
EndProject
Global
	GlobalSection(SolutionConfigurationPlatforms) = preSolution
		Debug|Any CPU = Debug|Any CPU
		Release|Any CPU = Release|Any CPU
	EndGlobalSection
	GlobalSection(ProjectConfigurationPlatforms) = postSolution
		{51683AC7-1800-442D-98C7-2EB48548E255}.Debug|Any CPU.ActiveCfg = Debug|Any CPU
		{51683AC7-1800-442D-98C7-2EB48548E255}.Debug|Any CPU.Build.0 = Debug|Any CPU
		{51683AC7-1800-442D-98C7-2EB48548E255}.Release|Any CPU.ActiveCfg = Release|Any CPU
		{51683AC7-1800-442D-98C7-2EB48548E255}.Release|Any CPU.Build.0 = Release|Any CPU
		{83572FF9-D75C-4D8F-8788-86CF56149790}.Debug|Any CPU.ActiveCfg = Debug|Any CPU
		{83572FF9-D75C-4D8F-8788-86CF56149790}.Debug|Any CPU.Build.0 = Debug|Any CPU
		{83572FF9-D75C-4D8F-8788-86CF56149790}.Release|Any CPU.ActiveCfg = Release|Any CPU
		{83572FF9-D75C-4D8F-8788-86CF56149790}.Release|Any CPU.Build.0 = Release|Any CPU
		{D4E4A42B-B498-46DE-AF1B-AEEB3C28AC3D}.Debug|Any CPU.ActiveCfg = Debug|Any CPU
		{D4E4A42B-B498-46DE-AF1B-AEEB3C28AC3D}.Debug|Any CPU.Build.0 = Debug|Any CPU
		{D4E4A42B-B498-46DE-AF1B-AEEB3C28AC3D}.Release|Any CPU.ActiveCfg = Release|Any CPU
		{D4E4A42B-B498-46DE-AF1B-AEEB3C28AC3D}.Release|Any CPU.Build.0 = Release|Any CPU
		{EE19EC6D-BA16-4D12-A22A-21F01CB366AE}.Debug|Any CPU.ActiveCfg = Debug|Any CPU
		{EE19EC6D-BA16-4D12-A22A-21F01CB366AE}.Debug|Any CPU.Build.0 = Debug|Any CPU
		{EE19EC6D-BA16-4D12-A22A-21F01CB366AE}.Release|Any CPU.ActiveCfg = Release|Any CPU
		{EE19EC6D-BA16-4D12-A22A-21F01CB366AE}.Release|Any CPU.Build.0 = Release|Any CPU
		{032E4978-EEAD-426E-924D-37EA0FB0738C}.Debug|Any CPU.ActiveCfg = Debug|Any CPU
		{032E4978-EEAD-426E-924D-37EA0FB0738C}.Debug|Any CPU.Build.0 = Debug|Any CPU
		{032E4978-EEAD-426E-924D-37EA0FB0738C}.Release|Any CPU.ActiveCfg = Release|Any CPU
		{032E4978-EEAD-426E-924D-37EA0FB0738C}.Release|Any CPU.Build.0 = Release|Any CPU
		{3554BE27-F532-4734-91D9-6632D66AAE50}.Debug|Any CPU.ActiveCfg = Debug|Any CPU
		{3554BE27-F532-4734-91D9-6632D66AAE50}.Debug|Any CPU.Build.0 = Debug|Any CPU
		{3554BE27-F532-4734-91D9-6632D66AAE50}.Release|Any CPU.ActiveCfg = Release|Any CPU
		{3554BE27-F532-4734-91D9-6632D66AAE50}.Release|Any CPU.Build.0 = Release|Any CPU
		{C8678B55-0984-4AED-B68C-37A93BEEC2BD}.Debug|Any CPU.ActiveCfg = Debug|Any CPU
		{C8678B55-0984-4AED-B68C-37A93BEEC2BD}.Debug|Any CPU.Build.0 = Debug|Any CPU
		{C8678B55-0984-4AED-B68C-37A93BEEC2BD}.Release|Any CPU.ActiveCfg = Release|Any CPU
		{C8678B55-0984-4AED-B68C-37A93BEEC2BD}.Release|Any CPU.Build.0 = Release|Any CPU
		{93D74557-5B75-41DF-91E9-9C7CB227A532}.Debug|Any CPU.ActiveCfg = Debug|Any CPU
		{93D74557-5B75-41DF-91E9-9C7CB227A532}.Debug|Any CPU.Build.0 = Debug|Any CPU
		{93D74557-5B75-41DF-91E9-9C7CB227A532}.Release|Any CPU.ActiveCfg = Release|Any CPU
		{93D74557-5B75-41DF-91E9-9C7CB227A532}.Release|Any CPU.Build.0 = Release|Any CPU
		{A31625A7-D1DB-4736-A74E-65EC8E7D487E}.Debug|Any CPU.ActiveCfg = Debug|Any CPU
		{A31625A7-D1DB-4736-A74E-65EC8E7D487E}.Debug|Any CPU.Build.0 = Debug|Any CPU
		{A31625A7-D1DB-4736-A74E-65EC8E7D487E}.Release|Any CPU.ActiveCfg = Release|Any CPU
		{A31625A7-D1DB-4736-A74E-65EC8E7D487E}.Release|Any CPU.Build.0 = Release|Any CPU
		{CE5FC3E5-5F2C-462E-87DE-362578D84E63}.Debug|Any CPU.ActiveCfg = Debug|Any CPU
		{CE5FC3E5-5F2C-462E-87DE-362578D84E63}.Debug|Any CPU.Build.0 = Debug|Any CPU
		{CE5FC3E5-5F2C-462E-87DE-362578D84E63}.Release|Any CPU.ActiveCfg = Release|Any CPU
		{CE5FC3E5-5F2C-462E-87DE-362578D84E63}.Release|Any CPU.Build.0 = Release|Any CPU
	EndGlobalSection
	GlobalSection(SolutionProperties) = preSolution
		HideSolutionNode = FALSE
	EndGlobalSection
	GlobalSection(NestedProjects) = preSolution
		{51683AC7-1800-442D-98C7-2EB48548E255} = {BF9A6663-C389-4244-8140-C9500B3F09C9}
		{83572FF9-D75C-4D8F-8788-86CF56149790} = {5BB2E9A8-36A5-4338-802E-5AE497DEADBA}
		{D4E4A42B-B498-46DE-AF1B-AEEB3C28AC3D} = {5BB2E9A8-36A5-4338-802E-5AE497DEADBA}
		{EE19EC6D-BA16-4D12-A22A-21F01CB366AE} = {BA66FB91-FBA9-45C7-AC68-4601C89DACEA}
		{032E4978-EEAD-426E-924D-37EA0FB0738C} = {BA66FB91-FBA9-45C7-AC68-4601C89DACEA}
		{3554BE27-F532-4734-91D9-6632D66AAE50} = {03ECFDFF-66A5-4191-9CF4-4AD43BB249AC}
		{C8678B55-0984-4AED-B68C-37A93BEEC2BD} = {03ECFDFF-66A5-4191-9CF4-4AD43BB249AC}
		{93D74557-5B75-41DF-91E9-9C7CB227A532} = {03ECFDFF-66A5-4191-9CF4-4AD43BB249AC}
		{A31625A7-D1DB-4736-A74E-65EC8E7D487E} = {C3E890DF-00C2-46C9-93CD-A2BFB940F617}
		{CE5FC3E5-5F2C-462E-87DE-362578D84E63} = {03ECFDFF-66A5-4191-9CF4-4AD43BB249AC}
	EndGlobalSection
	GlobalSection(ExtensibilityGlobals) = postSolution
		SolutionGuid = {19A80FFC-00F0-42D9-9E43-76FE3DE19F01}
	EndGlobalSection
EndGlobal
